
Microsoft Visual Studio Solution File, Format Version 12.00
# Visual Studio Version 17
VisualStudioVersion = 17.2.32526.322
MinimumVisualStudioVersion = 10.0.40219.1
Project("{FAE04EC0-301F-11D3-BF4B-00C04F79EFBC}") = "termetroPOO.Consola", "termetroPOO.Consola\termetroPOO.Consola.csproj", "{1A2B6AF7-9A4A-4E87-B458-48188916652F}"
EndProject
Project("{FAE04EC0-301F-11D3-BF4B-00C04F79EFBC}") = "termometroPOOparcial.Entidades", "termometroPOOparcial.Entidades\termometroPOOparcial.Entidades.csproj", "{89B4207E-F980-4148-95BE-F75D68428A7C}"
EndProject
Global
	GlobalSection(SolutionConfigurationPlatforms) = preSolution
		Debug|Any CPU = Debug|Any CPU
		Release|Any CPU = Release|Any CPU
	EndGlobalSection
	GlobalSection(ProjectConfigurationPlatforms) = postSolution
		{1A2B6AF7-9A4A-4E87-B458-48188916652F}.Debug|Any CPU.ActiveCfg = Debug|Any CPU
		{1A2B6AF7-9A4A-4E87-B458-48188916652F}.Debug|Any CPU.Build.0 = Debug|Any CPU
		{1A2B6AF7-9A4A-4E87-B458-48188916652F}.Release|Any CPU.ActiveCfg = Release|Any CPU
		{1A2B6AF7-9A4A-4E87-B458-48188916652F}.Release|Any CPU.Build.0 = Release|Any CPU
		{89B4207E-F980-4148-95BE-F75D68428A7C}.Debug|Any CPU.ActiveCfg = Debug|Any CPU
		{89B4207E-F980-4148-95BE-F75D68428A7C}.Debug|Any CPU.Build.0 = Debug|Any CPU
		{89B4207E-F980-4148-95BE-F75D68428A7C}.Release|Any CPU.ActiveCfg = Release|Any CPU
		{89B4207E-F980-4148-95BE-F75D68428A7C}.Release|Any CPU.Build.0 = Release|Any CPU
	EndGlobalSection
	GlobalSection(SolutionProperties) = preSolution
		HideSolutionNode = FALSE
	EndGlobalSection
	GlobalSection(ExtensibilityGlobals) = postSolution
		SolutionGuid = {9E544F03-9F5D-490A-AADB-D518712B20DB}
	EndGlobalSection
EndGlobal
